// !$*UTF8*$!
{
	archiveVersion = 1;
	classes = {
	};
	objectVersion = 48;
	objects = {

/* Begin PBXBuildFile section */
		0ED24EDE03D258C1BAFE0B9F /* Pods_Easy_Tor.framework in Frameworks */ = {isa = PBXBuildFile; fileRef = 0DC772B4BDA8E03AB510F510 /* Pods_Easy_Tor.framework */; };
		9536F29420064C9A00851E04 /* BusinessProfileView.swift in Sources */ = {isa = PBXBuildFile; fileRef = 9536F29320064C9A00851E04 /* BusinessProfileView.swift */; };
		9536F2962006562F00851E04 /* BusinessServicesViewController.swift in Sources */ = {isa = PBXBuildFile; fileRef = 9536F2952006562F00851E04 /* BusinessServicesViewController.swift */; };
		9536F2982006590B00851E04 /* ServiceTableCell.swift in Sources */ = {isa = PBXBuildFile; fileRef = 9536F2972006590B00851E04 /* ServiceTableCell.swift */; };
		9537A3C51FFB7FFB00161656 /* Business.swift in Sources */ = {isa = PBXBuildFile; fileRef = 9537A3C41FFB7FFB00161656 /* Business.swift */; };
		9537A3C71FFB85DB00161656 /* TableCell.swift in Sources */ = {isa = PBXBuildFile; fileRef = 9537A3C61FFB85DB00161656 /* TableCell.swift */; };
		9537A3CB1FFBB9F600161656 /* CameraHandler.swift in Sources */ = {isa = PBXBuildFile; fileRef = 9537A3CA1FFBB9F600161656 /* CameraHandler.swift */; };
		955ED8451FFA23ED0099D62C /* Service.swift in Sources */ = {isa = PBXBuildFile; fileRef = 955ED8441FFA23ED0099D62C /* Service.swift */; };
		95980DDD1FFFAB5100B23810 /* ChooseServicesViewController.swift in Sources */ = {isa = PBXBuildFile; fileRef = 95980DD41FFFAB5100B23810 /* ChooseServicesViewController.swift */; };
		95980DDE1FFFAB5100B23810 /* businessRegViewController.swift in Sources */ = {isa = PBXBuildFile; fileRef = 95980DD51FFFAB5100B23810 /* businessRegViewController.swift */; };
		95980DDF1FFFAB5100B23810 /* FirstViewController.swift in Sources */ = {isa = PBXBuildFile; fileRef = 95980DD61FFFAB5100B23810 /* FirstViewController.swift */; };
		95980DE01FFFAB5100B23810 /* SearchViewController.swift in Sources */ = {isa = PBXBuildFile; fileRef = 95980DD71FFFAB5100B23810 /* SearchViewController.swift */; };
		95980DE11FFFAB5100B23810 /* AddViewController.swift in Sources */ = {isa = PBXBuildFile; fileRef = 95980DD81FFFAB5100B23810 /* AddViewController.swift */; };
		95980DE21FFFAB5100B23810 /* AppDelegate.swift in Sources */ = {isa = PBXBuildFile; fileRef = 95980DD91FFFAB5100B23810 /* AppDelegate.swift */; };
		95980DE31FFFAB5100B23810 /* OpeningHoursViewController.swift in Sources */ = {isa = PBXBuildFile; fileRef = 95980DDA1FFFAB5100B23810 /* OpeningHoursViewController.swift */; };
		95980DE41FFFAB5100B23810 /* RegisterViewController.swift in Sources */ = {isa = PBXBuildFile; fileRef = 95980DDB1FFFAB5100B23810 /* RegisterViewController.swift */; };
		95980DE51FFFAB5100B23810 /* LoginViewController.swift in Sources */ = {isa = PBXBuildFile; fileRef = 95980DDC1FFFAB5100B23810 /* LoginViewController.swift */; };
		95980DEC1FFFAB7200B23810 /* LaunchScreen.storyboard in Resources */ = {isa = PBXBuildFile; fileRef = 95980DE91FFFAB7200B23810 /* LaunchScreen.storyboard */; };
		959E56C42008B0AD004CBEC8 /* Chat.swift in Sources */ = {isa = PBXBuildFile; fileRef = 959E56C32008B0AD004CBEC8 /* Chat.swift */; };
		959E56C62008B2E7004CBEC8 /* Message.swift in Sources */ = {isa = PBXBuildFile; fileRef = 959E56C52008B2E7004CBEC8 /* Message.swift */; };
		959E56C82008C407004CBEC8 /* NewChatViewController.swift in Sources */ = {isa = PBXBuildFile; fileRef = 959E56C72008C407004CBEC8 /* NewChatViewController.swift */; };
		959E56CA2008CA1D004CBEC8 /* Client.swift in Sources */ = {isa = PBXBuildFile; fileRef = 959E56C92008CA1D004CBEC8 /* Client.swift */; };
		95ABC52A1FEA966A00B70325 /* Assets.xcassets in Resources */ = {isa = PBXBuildFile; fileRef = 95ABC5291FEA966A00B70325 /* Assets.xcassets */; };
		95CF35822004DEC300CFE4B2 /* Main.storyboard in Resources */ = {isa = PBXBuildFile; fileRef = 95CF35802004DEC300CFE4B2 /* Main.storyboard */; };
		95D5D460200788090066B7FB /* BusinessAddViewController.swift in Sources */ = {isa = PBXBuildFile; fileRef = 95D5D45F200788090066B7FB /* BusinessAddViewController.swift */; };
		95D5D464200790150066B7FB /* ClientEventTableCell.swift in Sources */ = {isa = PBXBuildFile; fileRef = 95D5D463200790150066B7FB /* ClientEventTableCell.swift */; };
		95D5D4662007B9000066B7FB /* MapViewController.swift in Sources */ = {isa = PBXBuildFile; fileRef = 95D5D4652007B9000066B7FB /* MapViewController.swift */; };
		95D5D4692007C12D0066B7FB /* MessagesViewController.swift in Sources */ = {isa = PBXBuildFile; fileRef = 95D5D4682007C12D0066B7FB /* MessagesViewController.swift */; };
		95D5D46B2007C67E0066B7FB /* MessagesTableCell.swift in Sources */ = {isa = PBXBuildFile; fileRef = 95D5D46A2007C67E0066B7FB /* MessagesTableCell.swift */; };
		95D5D46D2007CA1B0066B7FB /* ChatViewController.swift in Sources */ = {isa = PBXBuildFile; fileRef = 95D5D46C2007CA1B0066B7FB /* ChatViewController.swift */; };
		95E3B3E31FF7CFB6008B7CB9 /* Event.swift in Sources */ = {isa = PBXBuildFile; fileRef = 95E3B3E21FF7CFB6008B7CB9 /* Event.swift */; };
		95EFD7751FEBB2E100555ADC /* GoogleService-Info.plist in Resources */ = {isa = PBXBuildFile; fileRef = 95EFD7741FEBB2E100555ADC /* GoogleService-Info.plist */; };
/* End PBXBuildFile section */

/* Begin PBXFileReference section */
		0DC772B4BDA8E03AB510F510 /* Pods_Easy_Tor.framework */ = {isa = PBXFileReference; explicitFileType = wrapper.framework; includeInIndex = 0; path = Pods_Easy_Tor.framework; sourceTree = BUILT_PRODUCTS_DIR; };
		296757946CD71CDD92BFE0C1 /* Pods-Easy Tor.release.xcconfig */ = {isa = PBXFileReference; includeInIndex = 1; lastKnownFileType = text.xcconfig; name = "Pods-Easy Tor.release.xcconfig"; path = "Pods/Target Support Files/Pods-Easy Tor/Pods-Easy Tor.release.xcconfig"; sourceTree = "<group>"; };
		7B2ACEA33D5598C05FC3AC31 /* Pods-Easy Tor.debug.xcconfig */ = {isa = PBXFileReference; includeInIndex = 1; lastKnownFileType = text.xcconfig; name = "Pods-Easy Tor.debug.xcconfig"; path = "Pods/Target Support Files/Pods-Easy Tor/Pods-Easy Tor.debug.xcconfig"; sourceTree = "<group>"; };
		9536F29320064C9A00851E04 /* BusinessProfileView.swift */ = {isa = PBXFileReference; fileEncoding = 4; lastKnownFileType = sourcecode.swift; path = BusinessProfileView.swift; sourceTree = "<group>"; };
		9536F2952006562F00851E04 /* BusinessServicesViewController.swift */ = {isa = PBXFileReference; lastKnownFileType = sourcecode.swift; path = BusinessServicesViewController.swift; sourceTree = "<group>"; };
		9536F2972006590B00851E04 /* ServiceTableCell.swift */ = {isa = PBXFileReference; lastKnownFileType = sourcecode.swift; path = ServiceTableCell.swift; sourceTree = "<group>"; };
		9537A3C41FFB7FFB00161656 /* Business.swift */ = {isa = PBXFileReference; lastKnownFileType = sourcecode.swift; path = Business.swift; sourceTree = "<group>"; };
		9537A3C61FFB85DB00161656 /* TableCell.swift */ = {isa = PBXFileReference; lastKnownFileType = sourcecode.swift; path = TableCell.swift; sourceTree = "<group>"; };
		9537A3CA1FFBB9F600161656 /* CameraHandler.swift */ = {isa = PBXFileReference; lastKnownFileType = sourcecode.swift; path = CameraHandler.swift; sourceTree = "<group>"; };
		955ED8441FFA23ED0099D62C /* Service.swift */ = {isa = PBXFileReference; lastKnownFileType = sourcecode.swift; path = Service.swift; sourceTree = "<group>"; };
		95980DD41FFFAB5100B23810 /* ChooseServicesViewController.swift */ = {isa = PBXFileReference; fileEncoding = 4; lastKnownFileType = sourcecode.swift; name = ChooseServicesViewController.swift; path = "Easy Tor/Controller/Client/ChooseServicesViewController.swift"; sourceTree = SOURCE_ROOT; };
		95980DD51FFFAB5100B23810 /* businessRegViewController.swift */ = {isa = PBXFileReference; fileEncoding = 4; lastKnownFileType = sourcecode.swift; name = businessRegViewController.swift; path = "Easy Tor/Controller/Business/businessRegViewController.swift"; sourceTree = SOURCE_ROOT; };
		95980DD61FFFAB5100B23810 /* FirstViewController.swift */ = {isa = PBXFileReference; fileEncoding = 4; lastKnownFileType = sourcecode.swift; name = FirstViewController.swift; path = "Easy Tor/Controller/Client/FirstViewController.swift"; sourceTree = SOURCE_ROOT; };
		95980DD71FFFAB5100B23810 /* SearchViewController.swift */ = {isa = PBXFileReference; fileEncoding = 4; lastKnownFileType = sourcecode.swift; name = SearchViewController.swift; path = "Easy Tor/Controller/Client/SearchViewController.swift"; sourceTree = SOURCE_ROOT; };
		95980DD81FFFAB5100B23810 /* AddViewController.swift */ = {isa = PBXFileReference; fileEncoding = 4; lastKnownFileType = sourcecode.swift; name = AddViewController.swift; path = "Easy Tor/Controller/Client/AddViewController.swift"; sourceTree = SOURCE_ROOT; };
		95980DD91FFFAB5100B23810 /* AppDelegate.swift */ = {isa = PBXFileReference; fileEncoding = 4; lastKnownFileType = sourcecode.swift; name = AppDelegate.swift; path = "Easy Tor/Controller/AppDelegate.swift"; sourceTree = SOURCE_ROOT; };
		95980DDA1FFFAB5100B23810 /* OpeningHoursViewController.swift */ = {isa = PBXFileReference; fileEncoding = 4; lastKnownFileType = sourcecode.swift; name = OpeningHoursViewController.swift; path = "Easy Tor/Controller/Client/OpeningHoursViewController.swift"; sourceTree = SOURCE_ROOT; };
		95980DDB1FFFAB5100B23810 /* RegisterViewController.swift */ = {isa = PBXFileReference; fileEncoding = 4; lastKnownFileType = sourcecode.swift; name = RegisterViewController.swift; path = "Easy Tor/Controller/RegisterViewController.swift"; sourceTree = SOURCE_ROOT; };
		95980DDC1FFFAB5100B23810 /* LoginViewController.swift */ = {isa = PBXFileReference; fileEncoding = 4; lastKnownFileType = sourcecode.swift; name = LoginViewController.swift; path = "Easy Tor/Controller/LoginViewController.swift"; sourceTree = SOURCE_ROOT; };
		95980DEA1FFFAB7200B23810 /* Base */ = {isa = PBXFileReference; lastKnownFileType = file.storyboard; name = Base; path = "Easy Tor/View/Base.lproj/LaunchScreen.storyboard"; sourceTree = SOURCE_ROOT; };
		959E56C32008B0AD004CBEC8 /* Chat.swift */ = {isa = PBXFileReference; lastKnownFileType = sourcecode.swift; path = Chat.swift; sourceTree = "<group>"; };
		959E56C52008B2E7004CBEC8 /* Message.swift */ = {isa = PBXFileReference; lastKnownFileType = sourcecode.swift; path = Message.swift; sourceTree = "<group>"; };
		959E56C72008C407004CBEC8 /* NewChatViewController.swift */ = {isa = PBXFileReference; lastKnownFileType = sourcecode.swift; path = NewChatViewController.swift; sourceTree = "<group>"; };
		959E56C92008CA1D004CBEC8 /* Client.swift */ = {isa = PBXFileReference; lastKnownFileType = sourcecode.swift; path = Client.swift; sourceTree = "<group>"; };
		95ABC51D1FEA966900B70325 /* Easy Tor.app */ = {isa = PBXFileReference; explicitFileType = wrapper.application; includeInIndex = 0; path = "Easy Tor.app"; sourceTree = BUILT_PRODUCTS_DIR; };
		95ABC5291FEA966A00B70325 /* Assets.xcassets */ = {isa = PBXFileReference; lastKnownFileType = folder.assetcatalog; path = Assets.xcassets; sourceTree = "<group>"; };
		95ABC52E1FEA966A00B70325 /* Info.plist */ = {isa = PBXFileReference; lastKnownFileType = text.plist.xml; path = Info.plist; sourceTree = "<group>"; };
		95CF35812004DEC300CFE4B2 /* Base */ = {isa = PBXFileReference; lastKnownFileType = file.storyboard; name = Base; path = Base.lproj/Main.storyboard; sourceTree = "<group>"; };
		95D5D45F200788090066B7FB /* BusinessAddViewController.swift */ = {isa = PBXFileReference; lastKnownFileType = sourcecode.swift; path = BusinessAddViewController.swift; sourceTree = "<group>"; };
		95D5D463200790150066B7FB /* ClientEventTableCell.swift */ = {isa = PBXFileReference; lastKnownFileType = sourcecode.swift; path = ClientEventTableCell.swift; sourceTree = "<group>"; };
		95D5D4652007B9000066B7FB /* MapViewController.swift */ = {isa = PBXFileReference; lastKnownFileType = sourcecode.swift; path = MapViewController.swift; sourceTree = "<group>"; };
		95D5D4672007BE0B0066B7FB /* Bridging-Header.h */ = {isa = PBXFileReference; lastKnownFileType = sourcecode.c.h; path = "Bridging-Header.h"; sourceTree = "<group>"; };
		95D5D4682007C12D0066B7FB /* MessagesViewController.swift */ = {isa = PBXFileReference; lastKnownFileType = sourcecode.swift; path = MessagesViewController.swift; sourceTree = "<group>"; };
		95D5D46A2007C67E0066B7FB /* MessagesTableCell.swift */ = {isa = PBXFileReference; lastKnownFileType = sourcecode.swift; path = MessagesTableCell.swift; sourceTree = "<group>"; };
		95D5D46C2007CA1B0066B7FB /* ChatViewController.swift */ = {isa = PBXFileReference; lastKnownFileType = sourcecode.swift; path = ChatViewController.swift; sourceTree = "<group>"; };
		95E3B3E21FF7CFB6008B7CB9 /* Event.swift */ = {isa = PBXFileReference; lastKnownFileType = sourcecode.swift; path = Event.swift; sourceTree = "<group>"; };
		95EFD7741FEBB2E100555ADC /* GoogleService-Info.plist */ = {isa = PBXFileReference; fileEncoding = 4; lastKnownFileType = text.plist.xml; path = "GoogleService-Info.plist"; sourceTree = "<group>"; };
/* End PBXFileReference section */

/* Begin PBXFrameworksBuildPhase section */
		95ABC51A1FEA966900B70325 /* Frameworks */ = {
			isa = PBXFrameworksBuildPhase;
			buildActionMask = 2147483647;
			files = (
				0ED24EDE03D258C1BAFE0B9F /* Pods_Easy_Tor.framework in Frameworks */,
			);
			runOnlyForDeploymentPostprocessing = 0;
		};
/* End PBXFrameworksBuildPhase section */

/* Begin PBXGroup section */
		50AAFE549E29909E4D4C5E45 /* Frameworks */ = {
			isa = PBXGroup;
			children = (
				0DC772B4BDA8E03AB510F510 /* Pods_Easy_Tor.framework */,
			);
			name = Frameworks;
			sourceTree = "<group>";
		};
		7B1FAE646B03F5C40C4BA288 /* Pods */ = {
			isa = PBXGroup;
			children = (
				7B2ACEA33D5598C05FC3AC31 /* Pods-Easy Tor.debug.xcconfig */,
				296757946CD71CDD92BFE0C1 /* Pods-Easy Tor.release.xcconfig */,
			);
			name = Pods;
			sourceTree = "<group>";
		};
		9536F2912006442500851E04 /* Client */ = {
			isa = PBXGroup;
			children = (
				95980DD81FFFAB5100B23810 /* AddViewController.swift */,
				95980DD61FFFAB5100B23810 /* FirstViewController.swift */,
				95980DDA1FFFAB5100B23810 /* OpeningHoursViewController.swift */,
				95980DD41FFFAB5100B23810 /* ChooseServicesViewController.swift */,
				95980DD71FFFAB5100B23810 /* SearchViewController.swift */,
				95D5D4652007B9000066B7FB /* MapViewController.swift */,
			);
			path = Client;
			sourceTree = "<group>";
		};
		9536F29220064C7D00851E04 /* Business */ = {
			isa = PBXGroup;
			children = (
				95980DD51FFFAB5100B23810 /* businessRegViewController.swift */,
				9536F29320064C9A00851E04 /* BusinessProfileView.swift */,
				9536F2952006562F00851E04 /* BusinessServicesViewController.swift */,
				95D5D45F200788090066B7FB /* BusinessAddViewController.swift */,
			);
			path = Business;
			sourceTree = "<group>";
		};
		9537A3C31FFB7FBD00161656 /* Model */ = {
			isa = PBXGroup;
			children = (
				95E3B3E21FF7CFB6008B7CB9 /* Event.swift */,
				955ED8441FFA23ED0099D62C /* Service.swift */,
				959E56C92008CA1D004CBEC8 /* Client.swift */,
				9537A3C41FFB7FFB00161656 /* Business.swift */,
				959E56C32008B0AD004CBEC8 /* Chat.swift */,
				9537A3CA1FFBB9F600161656 /* CameraHandler.swift */,
				9537A3C61FFB85DB00161656 /* TableCell.swift */,
				9536F2972006590B00851E04 /* ServiceTableCell.swift */,
				95D5D463200790150066B7FB /* ClientEventTableCell.swift */,
				95D5D46A2007C67E0066B7FB /* MessagesTableCell.swift */,
				95D5D4672007BE0B0066B7FB /* Bridging-Header.h */,
				959E56C52008B2E7004CBEC8 /* Message.swift */,
			);
			path = Model;
			sourceTree = "<group>";
		};
		95980DD31FFFAB4700B23810 /* Controller */ = {
			isa = PBXGroup;
			children = (
				9536F29220064C7D00851E04 /* Business */,
				9536F2912006442500851E04 /* Client */,
				95980DD91FFFAB5100B23810 /* AppDelegate.swift */,
				95D5D4682007C12D0066B7FB /* MessagesViewController.swift */,
				95D5D46C2007CA1B0066B7FB /* ChatViewController.swift */,
				95980DDC1FFFAB5100B23810 /* LoginViewController.swift */,
				95980DDB1FFFAB5100B23810 /* RegisterViewController.swift */,
				959E56C72008C407004CBEC8 /* NewChatViewController.swift */,
			);
			path = Controller;
			sourceTree = "<group>";
		};
		95980DE61FFFAB6300B23810 /* View */ = {
			isa = PBXGroup;
			children = (
				95CF35802004DEC300CFE4B2 /* Main.storyboard */,
				95980DE91FFFAB7200B23810 /* LaunchScreen.storyboard */,
			);
			path = View;
			sourceTree = "<group>";
		};
		95ABC5141FEA966900B70325 = {
			isa = PBXGroup;
			children = (
				95ABC51F1FEA966900B70325 /* Easy Tor */,
				95ABC51E1FEA966900B70325 /* Products */,
				7B1FAE646B03F5C40C4BA288 /* Pods */,
				50AAFE549E29909E4D4C5E45 /* Frameworks */,
			);
			sourceTree = "<group>";
		};
		95ABC51E1FEA966900B70325 /* Products */ = {
			isa = PBXGroup;
			children = (
				95ABC51D1FEA966900B70325 /* Easy Tor.app */,
			);
			name = Products;
			sourceTree = "<group>";
		};
		95ABC51F1FEA966900B70325 /* Easy Tor */ = {
			isa = PBXGroup;
			children = (
				9537A3C31FFB7FBD00161656 /* Model */,
				95980DD31FFFAB4700B23810 /* Controller */,
				95ABC5291FEA966A00B70325 /* Assets.xcassets */,
				95EFD7741FEBB2E100555ADC /* GoogleService-Info.plist */,
				95ABC52E1FEA966A00B70325 /* Info.plist */,
				95980DE61FFFAB6300B23810 /* View */,
			);
			path = "Easy Tor";
			sourceTree = "<group>";
		};
/* End PBXGroup section */

/* Begin PBXNativeTarget section */
		95ABC51C1FEA966900B70325 /* Easy Tor */ = {
			isa = PBXNativeTarget;
			buildConfigurationList = 95ABC5311FEA966A00B70325 /* Build configuration list for PBXNativeTarget "Easy Tor" */;
			buildPhases = (
				A6C6A75C81CF64C1A9C84362 /* [CP] Check Pods Manifest.lock */,
				95ABC5191FEA966900B70325 /* Sources */,
				95ABC51A1FEA966900B70325 /* Frameworks */,
				95ABC51B1FEA966900B70325 /* Resources */,
				78BC1FB540E25855B6E47135 /* [CP] Embed Pods Frameworks */,
				F901ED58915156372D1D03CD /* [CP] Copy Pods Resources */,
			);
			buildRules = (
			);
			dependencies = (
			);
			name = "Easy Tor";
			productName = "Easy Tor";
			productReference = 95ABC51D1FEA966900B70325 /* Easy Tor.app */;
			productType = "com.apple.product-type.application";
		};
/* End PBXNativeTarget section */

/* Begin PBXProject section */
		95ABC5151FEA966900B70325 /* Project object */ = {
			isa = PBXProject;
			attributes = {
				LastSwiftUpdateCheck = 0910;
				LastUpgradeCheck = 0910;
				ORGANIZATIONNAME = "Gilad Lekner";
				TargetAttributes = {
					95ABC51C1FEA966900B70325 = {
						CreatedOnToolsVersion = 9.1;
						ProvisioningStyle = Automatic;
					};
				};
			};
			buildConfigurationList = 95ABC5181FEA966900B70325 /* Build configuration list for PBXProject "Easy Tor" */;
			compatibilityVersion = "Xcode 8.0";
			developmentRegion = en;
			hasScannedForEncodings = 0;
			knownRegions = (
				en,
				Base,
			);
			mainGroup = 95ABC5141FEA966900B70325;
			productRefGroup = 95ABC51E1FEA966900B70325 /* Products */;
			projectDirPath = "";
			projectRoot = "";
			targets = (
				95ABC51C1FEA966900B70325 /* Easy Tor */,
			);
		};
/* End PBXProject section */

/* Begin PBXResourcesBuildPhase section */
		95ABC51B1FEA966900B70325 /* Resources */ = {
			isa = PBXResourcesBuildPhase;
			buildActionMask = 2147483647;
			files = (
				95980DEC1FFFAB7200B23810 /* LaunchScreen.storyboard in Resources */,
				95EFD7751FEBB2E100555ADC /* GoogleService-Info.plist in Resources */,
				95ABC52A1FEA966A00B70325 /* Assets.xcassets in Resources */,
				95CF35822004DEC300CFE4B2 /* Main.storyboard in Resources */,
			);
			runOnlyForDeploymentPostprocessing = 0;
		};
/* End PBXResourcesBuildPhase section */

/* Begin PBXShellScriptBuildPhase section */
		78BC1FB540E25855B6E47135 /* [CP] Embed Pods Frameworks */ = {
			isa = PBXShellScriptBuildPhase;
			buildActionMask = 2147483647;
			files = (
			);
			inputPaths = (
				"${SRCROOT}/Pods/Target Support Files/Pods-Easy Tor/Pods-Easy Tor-frameworks.sh",
				"${BUILT_PRODUCTS_DIR}/GTMSessionFetcher/GTMSessionFetcher.framework",
				"${BUILT_PRODUCTS_DIR}/GoogleToolboxForMac/GoogleToolboxForMac.framework",
				"${BUILT_PRODUCTS_DIR}/JSQMessagesViewController/JSQMessagesViewController.framework",
				"${BUILT_PRODUCTS_DIR}/JSQSystemSoundPlayer/JSQSystemSoundPlayer.framework",
				"${BUILT_PRODUCTS_DIR}/leveldb-library/leveldb.framework",
				"${BUILT_PRODUCTS_DIR}/nanopb/nanopb.framework",
			);
			name = "[CP] Embed Pods Frameworks";
			outputPaths = (
				"${TARGET_BUILD_DIR}/${FRAMEWORKS_FOLDER_PATH}/GTMSessionFetcher.framework",
				"${TARGET_BUILD_DIR}/${FRAMEWORKS_FOLDER_PATH}/GoogleToolboxForMac.framework",
				"${TARGET_BUILD_DIR}/${FRAMEWORKS_FOLDER_PATH}/JSQMessagesViewController.framework",
				"${TARGET_BUILD_DIR}/${FRAMEWORKS_FOLDER_PATH}/JSQSystemSoundPlayer.framework",
				"${TARGET_BUILD_DIR}/${FRAMEWORKS_FOLDER_PATH}/leveldb.framework",
				"${TARGET_BUILD_DIR}/${FRAMEWORKS_FOLDER_PATH}/nanopb.framework",
			);
			runOnlyForDeploymentPostprocessing = 0;
			shellPath = /bin/sh;
			shellScript = "\"${SRCROOT}/Pods/Target Support Files/Pods-Easy Tor/Pods-Easy Tor-frameworks.sh\"\n";
			showEnvVarsInLog = 0;
		};
		A6C6A75C81CF64C1A9C84362 /* [CP] Check Pods Manifest.lock */ = {
			isa = PBXShellScriptBuildPhase;
			buildActionMask = 2147483647;
			files = (
			);
			inputPaths = (
				"${PODS_PODFILE_DIR_PATH}/Podfile.lock",
				"${PODS_ROOT}/Manifest.lock",
			);
			name = "[CP] Check Pods Manifest.lock";
			outputPaths = (
				"$(DERIVED_FILE_DIR)/Pods-Easy Tor-checkManifestLockResult.txt",
			);
			runOnlyForDeploymentPostprocessing = 0;
			shellPath = /bin/sh;
			shellScript = "diff \"${PODS_PODFILE_DIR_PATH}/Podfile.lock\" \"${PODS_ROOT}/Manifest.lock\" > /dev/null\nif [ $? != 0 ] ; then\n    # print error to STDERR\n    echo \"error: The sandbox is not in sync with the Podfile.lock. Run 'pod install' or update your CocoaPods installation.\" >&2\n    exit 1\nfi\n# This output is used by Xcode 'outputs' to avoid re-running this script phase.\necho \"SUCCESS\" > \"${SCRIPT_OUTPUT_FILE_0}\"\n";
			showEnvVarsInLog = 0;
		};
		F901ED58915156372D1D03CD /* [CP] Copy Pods Resources */ = {
			isa = PBXShellScriptBuildPhase;
			buildActionMask = 2147483647;
			files = (
			);
			inputPaths = (
			);
			name = "[CP] Copy Pods Resources";
			outputPaths = (
			);
			runOnlyForDeploymentPostprocessing = 0;
			shellPath = /bin/sh;
			shellScript = "\"${SRCROOT}/Pods/Target Support Files/Pods-Easy Tor/Pods-Easy Tor-resources.sh\"\n";
			showEnvVarsInLog = 0;
		};
/* End PBXShellScriptBuildPhase section */

/* Begin PBXSourcesBuildPhase section */
		95ABC5191FEA966900B70325 /* Sources */ = {
			isa = PBXSourcesBuildPhase;
			buildActionMask = 2147483647;
			files = (
				95980DDE1FFFAB5100B23810 /* businessRegViewController.swift in Sources */,
				95980DE01FFFAB5100B23810 /* SearchViewController.swift in Sources */,
				95980DE11FFFAB5100B23810 /* AddViewController.swift in Sources */,
				95D5D4662007B9000066B7FB /* MapViewController.swift in Sources */,
				955ED8451FFA23ED0099D62C /* Service.swift in Sources */,
				9537A3C51FFB7FFB00161656 /* Business.swift in Sources */,
				95D5D464200790150066B7FB /* ClientEventTableCell.swift in Sources */,
				959E56C62008B2E7004CBEC8 /* Message.swift in Sources */,
				95980DE41FFFAB5100B23810 /* RegisterViewController.swift in Sources */,
				9537A3C71FFB85DB00161656 /* TableCell.swift in Sources */,
				95980DDF1FFFAB5100B23810 /* FirstViewController.swift in Sources */,
				95980DE31FFFAB5100B23810 /* OpeningHoursViewController.swift in Sources */,
				95980DE21FFFAB5100B23810 /* AppDelegate.swift in Sources */,
				95980DE51FFFAB5100B23810 /* LoginViewController.swift in Sources */,
				959E56C42008B0AD004CBEC8 /* Chat.swift in Sources */,
				95980DDD1FFFAB5100B23810 /* ChooseServicesViewController.swift in Sources */,
				9536F29420064C9A00851E04 /* BusinessProfileView.swift in Sources */,
				959E56CA2008CA1D004CBEC8 /* Client.swift in Sources */,
				95D5D4692007C12D0066B7FB /* MessagesViewController.swift in Sources */,
				95D5D46D2007CA1B0066B7FB /* ChatViewController.swift in Sources */,
				9537A3CB1FFBB9F600161656 /* CameraHandler.swift in Sources */,
				95D5D460200788090066B7FB /* BusinessAddViewController.swift in Sources */,
				9536F2962006562F00851E04 /* BusinessServicesViewController.swift in Sources */,
				95E3B3E31FF7CFB6008B7CB9 /* Event.swift in Sources */,
				95D5D46B2007C67E0066B7FB /* MessagesTableCell.swift in Sources */,
				9536F2982006590B00851E04 /* ServiceTableCell.swift in Sources */,
				959E56C82008C407004CBEC8 /* NewChatViewController.swift in Sources */,
			);
			runOnlyForDeploymentPostprocessing = 0;
		};
/* End PBXSourcesBuildPhase section */

/* Begin PBXVariantGroup section */
		95980DE91FFFAB7200B23810 /* LaunchScreen.storyboard */ = {
			isa = PBXVariantGroup;
			children = (
				95980DEA1FFFAB7200B23810 /* Base */,
			);
			name = LaunchScreen.storyboard;
			sourceTree = "<group>";
		};
		95CF35802004DEC300CFE4B2 /* Main.storyboard */ = {
			isa = PBXVariantGroup;
			children = (
				95CF35812004DEC300CFE4B2 /* Base */,
			);
			name = Main.storyboard;
			sourceTree = "<group>";
		};
/* End PBXVariantGroup section */

/* Begin XCBuildConfiguration section */
		95ABC52F1FEA966A00B70325 /* Debug */ = {
			isa = XCBuildConfiguration;
			buildSettings = {
				ALWAYS_SEARCH_USER_PATHS = NO;
				CLANG_ANALYZER_NONNULL = YES;
				CLANG_ANALYZER_NUMBER_OBJECT_CONVERSION = YES_AGGRESSIVE;
				CLANG_CXX_LANGUAGE_STANDARD = "gnu++14";
				CLANG_CXX_LIBRARY = "libc++";
				CLANG_ENABLE_MODULES = YES;
				CLANG_ENABLE_OBJC_ARC = YES;
				CLANG_WARN_BLOCK_CAPTURE_AUTORELEASING = YES;
				CLANG_WARN_BOOL_CONVERSION = YES;
				CLANG_WARN_COMMA = YES;
				CLANG_WARN_CONSTANT_CONVERSION = YES;
				CLANG_WARN_DIRECT_OBJC_ISA_USAGE = YES_ERROR;
				CLANG_WARN_DOCUMENTATION_COMMENTS = YES;
				CLANG_WARN_EMPTY_BODY = YES;
				CLANG_WARN_ENUM_CONVERSION = YES;
				CLANG_WARN_INFINITE_RECURSION = YES;
				CLANG_WARN_INT_CONVERSION = YES;
				CLANG_WARN_NON_LITERAL_NULL_CONVERSION = YES;
				CLANG_WARN_OBJC_LITERAL_CONVERSION = YES;
				CLANG_WARN_OBJC_ROOT_CLASS = YES_ERROR;
				CLANG_WARN_RANGE_LOOP_ANALYSIS = YES;
				CLANG_WARN_STRICT_PROTOTYPES = YES;
				CLANG_WARN_SUSPICIOUS_MOVE = YES;
				CLANG_WARN_UNGUARDED_AVAILABILITY = YES_AGGRESSIVE;
				CLANG_WARN_UNREACHABLE_CODE = YES;
				CLANG_WARN__DUPLICATE_METHOD_MATCH = YES;
				CODE_SIGN_IDENTITY = "iPhone Developer";
				COPY_PHASE_STRIP = NO;
				DEBUG_INFORMATION_FORMAT = dwarf;
				ENABLE_STRICT_OBJC_MSGSEND = YES;
				ENABLE_TESTABILITY = YES;
				GCC_C_LANGUAGE_STANDARD = gnu11;
				GCC_DYNAMIC_NO_PIC = NO;
				GCC_NO_COMMON_BLOCKS = YES;
				GCC_OPTIMIZATION_LEVEL = 0;
				GCC_PREPROCESSOR_DEFINITIONS = (
					"DEBUG=1",
					"$(inherited)",
				);
				GCC_WARN_64_TO_32_BIT_CONVERSION = YES;
				GCC_WARN_ABOUT_RETURN_TYPE = YES_ERROR;
				GCC_WARN_UNDECLARED_SELECTOR = YES;
				GCC_WARN_UNINITIALIZED_AUTOS = YES_AGGRESSIVE;
				GCC_WARN_UNUSED_FUNCTION = YES;
				GCC_WARN_UNUSED_VARIABLE = YES;
				IPHONEOS_DEPLOYMENT_TARGET = 11.1;
				MTL_ENABLE_DEBUG_INFO = YES;
				ONLY_ACTIVE_ARCH = YES;
				SDKROOT = iphoneos;
				SWIFT_ACTIVE_COMPILATION_CONDITIONS = DEBUG;
				SWIFT_OPTIMIZATION_LEVEL = "-Onone";
			};
			name = Debug;
		};
		95ABC5301FEA966A00B70325 /* Release */ = {
			isa = XCBuildConfiguration;
			buildSettings = {
				ALWAYS_SEARCH_USER_PATHS = NO;
				CLANG_ANALYZER_NONNULL = YES;
				CLANG_ANALYZER_NUMBER_OBJECT_CONVERSION = YES_AGGRESSIVE;
				CLANG_CXX_LANGUAGE_STANDARD = "gnu++14";
				CLANG_CXX_LIBRARY = "libc++";
				CLANG_ENABLE_MODULES = YES;
				CLANG_ENABLE_OBJC_ARC = YES;
				CLANG_WARN_BLOCK_CAPTURE_AUTORELEASING = YES;
				CLANG_WARN_BOOL_CONVERSION = YES;
				CLANG_WARN_COMMA = YES;
				CLANG_WARN_CONSTANT_CONVERSION = YES;
				CLANG_WARN_DIRECT_OBJC_ISA_USAGE = YES_ERROR;
				CLANG_WARN_DOCUMENTATION_COMMENTS = YES;
				CLANG_WARN_EMPTY_BODY = YES;
				CLANG_WARN_ENUM_CONVERSION = YES;
				CLANG_WARN_INFINITE_RECURSION = YES;
				CLANG_WARN_INT_CONVERSION = YES;
				CLANG_WARN_NON_LITERAL_NULL_CONVERSION = YES;
				CLANG_WARN_OBJC_LITERAL_CONVERSION = YES;
				CLANG_WARN_OBJC_ROOT_CLASS = YES_ERROR;
				CLANG_WARN_RANGE_LOOP_ANALYSIS = YES;
				CLANG_WARN_STRICT_PROTOTYPES = YES;
				CLANG_WARN_SUSPICIOUS_MOVE = YES;
				CLANG_WARN_UNGUARDED_AVAILABILITY = YES_AGGRESSIVE;
				CLANG_WARN_UNREACHABLE_CODE = YES;
				CLANG_WARN__DUPLICATE_METHOD_MATCH = YES;
				CODE_SIGN_IDENTITY = "iPhone Developer";
				COPY_PHASE_STRIP = NO;
				DEBUG_INFORMATION_FORMAT = "dwarf-with-dsym";
				ENABLE_NS_ASSERTIONS = NO;
				ENABLE_STRICT_OBJC_MSGSEND = YES;
				GCC_C_LANGUAGE_STANDARD = gnu11;
				GCC_NO_COMMON_BLOCKS = YES;
				GCC_WARN_64_TO_32_BIT_CONVERSION = YES;
				GCC_WARN_ABOUT_RETURN_TYPE = YES_ERROR;
				GCC_WARN_UNDECLARED_SELECTOR = YES;
				GCC_WARN_UNINITIALIZED_AUTOS = YES_AGGRESSIVE;
				GCC_WARN_UNUSED_FUNCTION = YES;
				GCC_WARN_UNUSED_VARIABLE = YES;
				IPHONEOS_DEPLOYMENT_TARGET = 11.1;
				MTL_ENABLE_DEBUG_INFO = NO;
				SDKROOT = iphoneos;
				SWIFT_OPTIMIZATION_LEVEL = "-Owholemodule";
				VALIDATE_PRODUCT = YES;
			};
			name = Release;
		};
		95ABC5321FEA966A00B70325 /* Debug */ = {
			isa = XCBuildConfiguration;
			baseConfigurationReference = 7B2ACEA33D5598C05FC3AC31 /* Pods-Easy Tor.debug.xcconfig */;
			buildSettings = {
				ASSETCATALOG_COMPILER_APPICON_NAME = AppIcon;
				CODE_SIGN_STYLE = Automatic;
				INFOPLIST_FILE = "Easy Tor/Info.plist";
				LD_RUNPATH_SEARCH_PATHS = "$(inherited) @executable_path/Frameworks";
				PRODUCT_BUNDLE_IDENTIFIER = Colman.ezTor;
				PRODUCT_NAME = "$(TARGET_NAME)";
				SWIFT_OBJC_BRIDGING_HEADER = "Easy Tor/Model/Bridging-Header.h";
				SWIFT_VERSION = 4.0;
				TARGETED_DEVICE_FAMILY = "1,2";
			};
			name = Debug;
		};
		95ABC5331FEA966A00B70325 /* Release */ = {
			isa = XCBuildConfiguration;
			baseConfigurationReference = 296757946CD71CDD92BFE0C1 /* Pods-Easy Tor.release.xcconfig */;
			buildSettings = {
				ASSETCATALOG_COMPILER_APPICON_NAME = AppIcon;
				CODE_SIGN_STYLE = Automatic;
				INFOPLIST_FILE = "Easy Tor/Info.plist";
				LD_RUNPATH_SEARCH_PATHS = "$(inherited) @executable_path/Frameworks";
				PRODUCT_BUNDLE_IDENTIFIER = Colman.ezTor;
				PRODUCT_NAME = "$(TARGET_NAME)";
				SWIFT_OBJC_BRIDGING_HEADER = "Easy Tor/Model/Bridging-Header.h";
				SWIFT_VERSION = 4.0;
				TARGETED_DEVICE_FAMILY = "1,2";
			};
			name = Release;
		};
/* End XCBuildConfiguration section */

/* Begin XCConfigurationList section */
		95ABC5181FEA966900B70325 /* Build configuration list for PBXProject "Easy Tor" */ = {
			isa = XCConfigurationList;
			buildConfigurations = (
				95ABC52F1FEA966A00B70325 /* Debug */,
				95ABC5301FEA966A00B70325 /* Release */,
			);
			defaultConfigurationIsVisible = 0;
			defaultConfigurationName = Release;
		};
		95ABC5311FEA966A00B70325 /* Build configuration list for PBXNativeTarget "Easy Tor" */ = {
			isa = XCConfigurationList;
			buildConfigurations = (
				95ABC5321FEA966A00B70325 /* Debug */,
				95ABC5331FEA966A00B70325 /* Release */,
			);
			defaultConfigurationIsVisible = 0;
			defaultConfigurationName = Release;
		};
/* End XCConfigurationList section */
	};
	rootObject = 95ABC5151FEA966900B70325 /* Project object */;
}
